// !$*UTF8*$!
{
	archiveVersion = 1;
	classes = {
	};
	objectVersion = 77;
	objects = {

/* Begin PBXBuildFile section */
		FB7883262D9CC49400370C4D /* Preview Assets.xcassets in Resources */ = {isa = PBXBuildFile; fileRef = FB7883202D9CC49400370C4D /* Preview Assets.xcassets */; };
		FB7883272D9CC49400370C4D /* Assets.xcassets in Resources */ = {isa = PBXBuildFile; fileRef = FB7883222D9CC49400370C4D /* Assets.xcassets */; };
		FB7883282D9CC49400370C4D /* BigBangTheoryApp.swift in Sources */ = {isa = PBXBuildFile; fileRef = FB7883232D9CC49400370C4D /* BigBangTheoryApp.swift */; };
		FB7883292D9CC49400370C4D /* ContentView.swift in Sources */ = {isa = PBXBuildFile; fileRef = FB7883242D9CC49400370C4D /* ContentView.swift */; };
		FB78832C2D9CC57200370C4D /* ComponentKit in Frameworks */ = {isa = PBXBuildFile; productRef = FB78832B2D9CC57200370C4D /* ComponentKit */; };
		FB78832E2D9CC59F00370C4D /* BigBangTest.json in Resources */ = {isa = PBXBuildFile; fileRef = FB78832D2D9CC59F00370C4D /* BigBangTest.json */; };
		FB7883312D9CC5B300370C4D /* BigBang.json in Resources */ = {isa = PBXBuildFile; fileRef = FB7883302D9CC5B300370C4D /* BigBang.json */; };
		FB7883342D9CC5D100370C4D /* RepositoryTest.swift in Sources */ = {isa = PBXBuildFile; fileRef = FB7883332D9CC5D100370C4D /* RepositoryTest.swift */; };
		FB7883362D9CC5DA00370C4D /* BigBangTheoryModel.swift in Sources */ = {isa = PBXBuildFile; fileRef = FB7883352D9CC5DA00370C4D /* BigBangTheoryModel.swift */; };
		FB7883392D9CC5E400370C4D /* Repository.swift in Sources */ = {isa = PBXBuildFile; fileRef = FB7883372D9CC5E400370C4D /* Repository.swift */; };
		FB78833E2D9CC63600370C4D /* BigBangTheoryVM.swift in Sources */ = {isa = PBXBuildFile; fileRef = FB78833D2D9CC63600370C4D /* BigBangTheoryVM.swift */; };
		FB7883412D9CC9A000370C4D /* EpisodeCard.swift in Sources */ = {isa = PBXBuildFile; fileRef = FB7883402D9CC9A000370C4D /* EpisodeCard.swift */; };
		FB7883432D9CCA8E00370C4D /* Muro.otf in Resources */ = {isa = PBXBuildFile; fileRef = FB7883422D9CCA8E00370C4D /* Muro.otf */; };
		FB7883472D9CCB4A00370C4D /* Fonts.swift in Sources */ = {isa = PBXBuildFile; fileRef = FB7883462D9CCB4A00370C4D /* Fonts.swift */; };
		FB7883492D9CD1E600370C4D /* SemiRoundedRectangle.swift in Sources */ = {isa = PBXBuildFile; fileRef = FB7883482D9CD1E600370C4D /* SemiRoundedRectangle.swift */; };
		FBBB78F42D9D7926008EEEAF /* SeasonsView.swift in Sources */ = {isa = PBXBuildFile; fileRef = FBBB78F32D9D7926008EEEAF /* SeasonsView.swift */; };
		FBBB78F62D9D7C03008EEEAF /* BigBangTheoryToolbar.swift in Sources */ = {isa = PBXBuildFile; fileRef = FBBB78F52D9D7C03008EEEAF /* BigBangTheoryToolbar.swift */; };
		FBBB78F82D9D82B6008EEEAF /* EpisodesView.swift in Sources */ = {isa = PBXBuildFile; fileRef = FBBB78F72D9D82B6008EEEAF /* EpisodesView.swift */; };
		FBBB78FA2D9D92EF008EEEAF /* CloseButton.swift in Sources */ = {isa = PBXBuildFile; fileRef = FBBB78F92D9D92EF008EEEAF /* CloseButton.swift */; };
		FBBB78FC2D9E1595008EEEAF /* OrientationVM.swift in Sources */ = {isa = PBXBuildFile; fileRef = FBBB78FB2D9E1595008EEEAF /* OrientationVM.swift */; };
/* End PBXBuildFile section */

/* Begin PBXFileReference section */
		FB78830F2D9CC48300370C4D /* BigBangTheory.app */ = {isa = PBXFileReference; explicitFileType = wrapper.application; includeInIndex = 0; path = BigBangTheory.app; sourceTree = BUILT_PRODUCTS_DIR; };
		FB7883202D9CC49400370C4D /* Preview Assets.xcassets */ = {isa = PBXFileReference; lastKnownFileType = folder.assetcatalog; path = "Preview Assets.xcassets"; sourceTree = "<group>"; };
		FB7883222D9CC49400370C4D /* Assets.xcassets */ = {isa = PBXFileReference; lastKnownFileType = folder.assetcatalog; path = Assets.xcassets; sourceTree = "<group>"; };
		FB7883232D9CC49400370C4D /* BigBangTheoryApp.swift */ = {isa = PBXFileReference; lastKnownFileType = sourcecode.swift; path = BigBangTheoryApp.swift; sourceTree = "<group>"; };
		FB7883242D9CC49400370C4D /* ContentView.swift */ = {isa = PBXFileReference; lastKnownFileType = sourcecode.swift; path = ContentView.swift; sourceTree = "<group>"; };
		FB78832D2D9CC59F00370C4D /* BigBangTest.json */ = {isa = PBXFileReference; lastKnownFileType = text.json; path = BigBangTest.json; sourceTree = "<group>"; };
		FB7883302D9CC5B300370C4D /* BigBang.json */ = {isa = PBXFileReference; lastKnownFileType = text.json; path = BigBang.json; sourceTree = "<group>"; };
		FB7883332D9CC5D100370C4D /* RepositoryTest.swift */ = {isa = PBXFileReference; lastKnownFileType = sourcecode.swift; path = RepositoryTest.swift; sourceTree = "<group>"; };
		FB7883352D9CC5DA00370C4D /* BigBangTheoryModel.swift */ = {isa = PBXFileReference; lastKnownFileType = sourcecode.swift; path = BigBangTheoryModel.swift; sourceTree = "<group>"; };
		FB7883372D9CC5E400370C4D /* Repository.swift */ = {isa = PBXFileReference; lastKnownFileType = sourcecode.swift; path = Repository.swift; sourceTree = "<group>"; };
		FB78833D2D9CC63600370C4D /* BigBangTheoryVM.swift */ = {isa = PBXFileReference; lastKnownFileType = sourcecode.swift; path = BigBangTheoryVM.swift; sourceTree = "<group>"; };
		FB7883402D9CC9A000370C4D /* EpisodeCard.swift */ = {isa = PBXFileReference; lastKnownFileType = sourcecode.swift; path = EpisodeCard.swift; sourceTree = "<group>"; };
		FB7883422D9CCA8E00370C4D /* Muro.otf */ = {isa = PBXFileReference; lastKnownFileType = file; path = Muro.otf; sourceTree = "<group>"; };
		FB7883462D9CCB4A00370C4D /* Fonts.swift */ = {isa = PBXFileReference; lastKnownFileType = sourcecode.swift; path = Fonts.swift; sourceTree = "<group>"; };
		FB7883482D9CD1E600370C4D /* SemiRoundedRectangle.swift */ = {isa = PBXFileReference; lastKnownFileType = sourcecode.swift; path = SemiRoundedRectangle.swift; sourceTree = "<group>"; };
		FBBB78F22D9CDFCF008EEEAF /* Info.plist */ = {isa = PBXFileReference; lastKnownFileType = text.plist.xml; path = Info.plist; sourceTree = "<group>"; };
		FBBB78F32D9D7926008EEEAF /* SeasonsView.swift */ = {isa = PBXFileReference; lastKnownFileType = sourcecode.swift; path = SeasonsView.swift; sourceTree = "<group>"; };
		FBBB78F52D9D7C03008EEEAF /* BigBangTheoryToolbar.swift */ = {isa = PBXFileReference; lastKnownFileType = sourcecode.swift; path = BigBangTheoryToolbar.swift; sourceTree = "<group>"; };
		FBBB78F72D9D82B6008EEEAF /* EpisodesView.swift */ = {isa = PBXFileReference; lastKnownFileType = sourcecode.swift; path = EpisodesView.swift; sourceTree = "<group>"; };
		FBBB78F92D9D92EF008EEEAF /* CloseButton.swift */ = {isa = PBXFileReference; lastKnownFileType = sourcecode.swift; path = CloseButton.swift; sourceTree = "<group>"; };
		FBBB78FB2D9E1595008EEEAF /* OrientationVM.swift */ = {isa = PBXFileReference; lastKnownFileType = sourcecode.swift; path = OrientationVM.swift; sourceTree = "<group>"; };
/* End PBXFileReference section */

/* Begin PBXFrameworksBuildPhase section */
		FB78830C2D9CC48300370C4D /* Frameworks */ = {
			isa = PBXFrameworksBuildPhase;
			buildActionMask = 2147483647;
			files = (
				FB78832C2D9CC57200370C4D /* ComponentKit in Frameworks */,
			);
			runOnlyForDeploymentPostprocessing = 0;
		};
/* End PBXFrameworksBuildPhase section */

/* Begin PBXGroup section */
		FB7883062D9CC48300370C4D = {
			isa = PBXGroup;
			children = (
				FB7883252D9CC49400370C4D /* BigBangTheory */,
				FB7883102D9CC48300370C4D /* Products */,
			);
			sourceTree = "<group>";
		};
		FB7883102D9CC48300370C4D /* Products */ = {
			isa = PBXGroup;
			children = (
				FB78830F2D9CC48300370C4D /* BigBangTheory.app */,
			);
			name = Products;
			sourceTree = "<group>";
		};
		FB7883212D9CC49400370C4D /* Preview Content */ = {
			isa = PBXGroup;
			children = (
				FB7883202D9CC49400370C4D /* Preview Assets.xcassets */,
				FB78832D2D9CC59F00370C4D /* BigBangTest.json */,
				FB7883332D9CC5D100370C4D /* RepositoryTest.swift */,
			);
			path = "Preview Content";
			sourceTree = "<group>";
		};
		FB7883252D9CC49400370C4D /* BigBangTheory */ = {
			isa = PBXGroup;
			children = (
				FB7883242D9CC49400370C4D /* ContentView.swift */,
				FBBB78F72D9D82B6008EEEAF /* EpisodesView.swift */,
				FB78833F2D9CC99300370C4D /* Components */,
				FB7883382D9CC5E400370C4D /* Repository */,
				FB78833A2D9CC61300370C4D /* ViewModel */,
				FB7883322D9CC5BC00370C4D /* Model */,
				FB78832F2D9CC5A400370C4D /* Resources */,
				FB7883452D9CCB2C00370C4D /* Extension */,
				FB7883222D9CC49400370C4D /* Assets.xcassets */,
				FB7883232D9CC49400370C4D /* BigBangTheoryApp.swift */,
				FBBB78F22D9CDFCF008EEEAF /* Info.plist */,
				FB7883212D9CC49400370C4D /* Preview Content */,
			);
			path = BigBangTheory;
			sourceTree = "<group>";
		};
		FB78832F2D9CC5A400370C4D /* Resources */ = {
			isa = PBXGroup;
			children = (
				FB7883302D9CC5B300370C4D /* BigBang.json */,
				FB7883422D9CCA8E00370C4D /* Muro.otf */,
			);
			path = Resources;
			sourceTree = "<group>";
		};
		FB7883322D9CC5BC00370C4D /* Model */ = {
			isa = PBXGroup;
			children = (
				FB7883352D9CC5DA00370C4D /* BigBangTheoryModel.swift */,
			);
			path = Model;
			sourceTree = "<group>";
		};
		FB7883382D9CC5E400370C4D /* Repository */ = {
			isa = PBXGroup;
			children = (
				FB7883372D9CC5E400370C4D /* Repository.swift */,
			);
			path = Repository;
			sourceTree = "<group>";
		};
		FB78833A2D9CC61300370C4D /* ViewModel */ = {
			isa = PBXGroup;
			children = (
				FB78833D2D9CC63600370C4D /* BigBangTheoryVM.swift */,
				FBBB78FB2D9E1595008EEEAF /* OrientationVM.swift */,
			);
			path = ViewModel;
			sourceTree = "<group>";
		};
		FB78833F2D9CC99300370C4D /* Components */ = {
			isa = PBXGroup;
			children = (
				FBBB78F32D9D7926008EEEAF /* SeasonsView.swift */,
				FB7883402D9CC9A000370C4D /* EpisodeCard.swift */,
				FBBB78F52D9D7C03008EEEAF /* BigBangTheoryToolbar.swift */,
				FBBB78F92D9D92EF008EEEAF /* CloseButton.swift */,
			);
			path = Components;
			sourceTree = "<group>";
		};
		FB7883452D9CCB2C00370C4D /* Extension */ = {
			isa = PBXGroup;
			children = (
				FB7883462D9CCB4A00370C4D /* Fonts.swift */,
				FB7883482D9CD1E600370C4D /* SemiRoundedRectangle.swift */,
			);
			path = Extension;
			sourceTree = "<group>";
		};
/* End PBXGroup section */

/* Begin PBXNativeTarget section */
		FB78830E2D9CC48300370C4D /* BigBangTheory */ = {
			isa = PBXNativeTarget;
			buildConfigurationList = FB78831D2D9CC48600370C4D /* Build configuration list for PBXNativeTarget "BigBangTheory" */;
			buildPhases = (
				FB78830B2D9CC48300370C4D /* Sources */,
				FB78830C2D9CC48300370C4D /* Frameworks */,
				FB78830D2D9CC48300370C4D /* Resources */,
			);
			buildRules = (
			);
			dependencies = (
			);
			name = BigBangTheory;
			packageProductDependencies = (
				FB78832B2D9CC57200370C4D /* ComponentKit */,
			);
			productName = BigBangTheory;
			productReference = FB78830F2D9CC48300370C4D /* BigBangTheory.app */;
			productType = "com.apple.product-type.application";
		};
/* End PBXNativeTarget section */

/* Begin PBXProject section */
		FB7883072D9CC48300370C4D /* Project object */ = {
			isa = PBXProject;
			attributes = {
				BuildIndependentTargetsInParallel = 1;
				LastSwiftUpdateCheck = 1620;
				LastUpgradeCheck = 1620;
				TargetAttributes = {
					FB78830E2D9CC48300370C4D = {
						CreatedOnToolsVersion = 16.2;
					};
				};
			};
			buildConfigurationList = FB78830A2D9CC48300370C4D /* Build configuration list for PBXProject "BigBangTheory" */;
			developmentRegion = en;
			hasScannedForEncodings = 0;
			knownRegions = (
				en,
				Base,
			);
			mainGroup = FB7883062D9CC48300370C4D;
			minimizedProjectReferenceProxies = 1;
			packageReferences = (
				FB78832A2D9CC57200370C4D /* XCRemoteSwiftPackageReference "ComponentKit" */,
			);
			preferredProjectObjectVersion = 77;
			productRefGroup = FB7883102D9CC48300370C4D /* Products */;
			projectDirPath = "";
			projectRoot = "";
			targets = (
				FB78830E2D9CC48300370C4D /* BigBangTheory */,
			);
		};
/* End PBXProject section */

/* Begin PBXResourcesBuildPhase section */
		FB78830D2D9CC48300370C4D /* Resources */ = {
			isa = PBXResourcesBuildPhase;
			buildActionMask = 2147483647;
			files = (
				FB7883262D9CC49400370C4D /* Preview Assets.xcassets in Resources */,
				FB7883432D9CCA8E00370C4D /* Muro.otf in Resources */,
				FB7883272D9CC49400370C4D /* Assets.xcassets in Resources */,
				FB7883312D9CC5B300370C4D /* BigBang.json in Resources */,
				FB78832E2D9CC59F00370C4D /* BigBangTest.json in Resources */,
			);
			runOnlyForDeploymentPostprocessing = 0;
		};
/* End PBXResourcesBuildPhase section */

/* Begin PBXSourcesBuildPhase section */
		FB78830B2D9CC48300370C4D /* Sources */ = {
			isa = PBXSourcesBuildPhase;
			buildActionMask = 2147483647;
			files = (
				FBBB78F82D9D82B6008EEEAF /* EpisodesView.swift in Sources */,
				FB7883472D9CCB4A00370C4D /* Fonts.swift in Sources */,
				FB7883282D9CC49400370C4D /* BigBangTheoryApp.swift in Sources */,
				FB7883492D9CD1E600370C4D /* SemiRoundedRectangle.swift in Sources */,
				FB7883362D9CC5DA00370C4D /* BigBangTheoryModel.swift in Sources */,
				FB78833E2D9CC63600370C4D /* BigBangTheoryVM.swift in Sources */,
				FBBB78FA2D9D92EF008EEEAF /* CloseButton.swift in Sources */,
				FBBB78FC2D9E1595008EEEAF /* OrientationVM.swift in Sources */,
				FB7883392D9CC5E400370C4D /* Repository.swift in Sources */,
				FB7883292D9CC49400370C4D /* ContentView.swift in Sources */,
				FB7883412D9CC9A000370C4D /* EpisodeCard.swift in Sources */,
				FB7883342D9CC5D100370C4D /* RepositoryTest.swift in Sources */,
				FBBB78F62D9D7C03008EEEAF /* BigBangTheoryToolbar.swift in Sources */,
				FBBB78F42D9D7926008EEEAF /* SeasonsView.swift in Sources */,
			);
			runOnlyForDeploymentPostprocessing = 0;
		};
/* End PBXSourcesBuildPhase section */

/* Begin XCBuildConfiguration section */
		FB78831B2D9CC48600370C4D /* Debug */ = {
			isa = XCBuildConfiguration;
			buildSettings = {
				ALWAYS_SEARCH_USER_PATHS = NO;
				ASSETCATALOG_COMPILER_GENERATE_SWIFT_ASSET_SYMBOL_EXTENSIONS = YES;
				CLANG_ANALYZER_NONNULL = YES;
				CLANG_ANALYZER_NUMBER_OBJECT_CONVERSION = YES_AGGRESSIVE;
				CLANG_CXX_LANGUAGE_STANDARD = "gnu++20";
				CLANG_ENABLE_MODULES = YES;
				CLANG_ENABLE_OBJC_ARC = YES;
				CLANG_ENABLE_OBJC_WEAK = YES;
				CLANG_WARN_BLOCK_CAPTURE_AUTORELEASING = YES;
				CLANG_WARN_BOOL_CONVERSION = YES;
				CLANG_WARN_COMMA = YES;
				CLANG_WARN_CONSTANT_CONVERSION = YES;
				CLANG_WARN_DEPRECATED_OBJC_IMPLEMENTATIONS = YES;
				CLANG_WARN_DIRECT_OBJC_ISA_USAGE = YES_ERROR;
				CLANG_WARN_DOCUMENTATION_COMMENTS = YES;
				CLANG_WARN_EMPTY_BODY = YES;
				CLANG_WARN_ENUM_CONVERSION = YES;
				CLANG_WARN_INFINITE_RECURSION = YES;
				CLANG_WARN_INT_CONVERSION = YES;
				CLANG_WARN_NON_LITERAL_NULL_CONVERSION = YES;
				CLANG_WARN_OBJC_IMPLICIT_RETAIN_SELF = YES;
				CLANG_WARN_OBJC_LITERAL_CONVERSION = YES;
				CLANG_WARN_OBJC_ROOT_CLASS = YES_ERROR;
				CLANG_WARN_QUOTED_INCLUDE_IN_FRAMEWORK_HEADER = YES;
				CLANG_WARN_RANGE_LOOP_ANALYSIS = YES;
				CLANG_WARN_STRICT_PROTOTYPES = YES;
				CLANG_WARN_SUSPICIOUS_MOVE = YES;
				CLANG_WARN_UNGUARDED_AVAILABILITY = YES_AGGRESSIVE;
				CLANG_WARN_UNREACHABLE_CODE = YES;
				CLANG_WARN__DUPLICATE_METHOD_MATCH = YES;
				COPY_PHASE_STRIP = NO;
				DEBUG_INFORMATION_FORMAT = dwarf;
				ENABLE_STRICT_OBJC_MSGSEND = YES;
				ENABLE_TESTABILITY = YES;
				ENABLE_USER_SCRIPT_SANDBOXING = YES;
				GCC_C_LANGUAGE_STANDARD = gnu17;
				GCC_DYNAMIC_NO_PIC = NO;
				GCC_NO_COMMON_BLOCKS = YES;
				GCC_OPTIMIZATION_LEVEL = 0;
				GCC_PREPROCESSOR_DEFINITIONS = (
					"DEBUG=1",
					"$(inherited)",
				);
				GCC_WARN_64_TO_32_BIT_CONVERSION = YES;
				GCC_WARN_ABOUT_RETURN_TYPE = YES_ERROR;
				GCC_WARN_UNDECLARED_SELECTOR = YES;
				GCC_WARN_UNINITIALIZED_AUTOS = YES_AGGRESSIVE;
				GCC_WARN_UNUSED_FUNCTION = YES;
				GCC_WARN_UNUSED_VARIABLE = YES;
				IPHONEOS_DEPLOYMENT_TARGET = 18.2;
				LOCALIZATION_PREFERS_STRING_CATALOGS = YES;
				MTL_ENABLE_DEBUG_INFO = INCLUDE_SOURCE;
				MTL_FAST_MATH = YES;
				ONLY_ACTIVE_ARCH = YES;
				SDKROOT = iphoneos;
				SWIFT_ACTIVE_COMPILATION_CONDITIONS = "DEBUG $(inherited)";
				SWIFT_OPTIMIZATION_LEVEL = "-Onone";
			};
			name = Debug;
		};
		FB78831C2D9CC48600370C4D /* Release */ = {
			isa = XCBuildConfiguration;
			buildSettings = {
				ALWAYS_SEARCH_USER_PATHS = NO;
				ASSETCATALOG_COMPILER_GENERATE_SWIFT_ASSET_SYMBOL_EXTENSIONS = YES;
				CLANG_ANALYZER_NONNULL = YES;
				CLANG_ANALYZER_NUMBER_OBJECT_CONVERSION = YES_AGGRESSIVE;
				CLANG_CXX_LANGUAGE_STANDARD = "gnu++20";
				CLANG_ENABLE_MODULES = YES;
				CLANG_ENABLE_OBJC_ARC = YES;
				CLANG_ENABLE_OBJC_WEAK = YES;
				CLANG_WARN_BLOCK_CAPTURE_AUTORELEASING = YES;
				CLANG_WARN_BOOL_CONVERSION = YES;
				CLANG_WARN_COMMA = YES;
				CLANG_WARN_CONSTANT_CONVERSION = YES;
				CLANG_WARN_DEPRECATED_OBJC_IMPLEMENTATIONS = YES;
				CLANG_WARN_DIRECT_OBJC_ISA_USAGE = YES_ERROR;
				CLANG_WARN_DOCUMENTATION_COMMENTS = YES;
				CLANG_WARN_EMPTY_BODY = YES;
				CLANG_WARN_ENUM_CONVERSION = YES;
				CLANG_WARN_INFINITE_RECURSION = YES;
				CLANG_WARN_INT_CONVERSION = YES;
				CLANG_WARN_NON_LITERAL_NULL_CONVERSION = YES;
				CLANG_WARN_OBJC_IMPLICIT_RETAIN_SELF = YES;
				CLANG_WARN_OBJC_LITERAL_CONVERSION = YES;
				CLANG_WARN_OBJC_ROOT_CLASS = YES_ERROR;
				CLANG_WARN_QUOTED_INCLUDE_IN_FRAMEWORK_HEADER = YES;
				CLANG_WARN_RANGE_LOOP_ANALYSIS = YES;
				CLANG_WARN_STRICT_PROTOTYPES = YES;
				CLANG_WARN_SUSPICIOUS_MOVE = YES;
				CLANG_WARN_UNGUARDED_AVAILABILITY = YES_AGGRESSIVE;
				CLANG_WARN_UNREACHABLE_CODE = YES;
				CLANG_WARN__DUPLICATE_METHOD_MATCH = YES;
				COPY_PHASE_STRIP = NO;
				DEBUG_INFORMATION_FORMAT = "dwarf-with-dsym";
				ENABLE_NS_ASSERTIONS = NO;
				ENABLE_STRICT_OBJC_MSGSEND = YES;
				ENABLE_USER_SCRIPT_SANDBOXING = YES;
				GCC_C_LANGUAGE_STANDARD = gnu17;
				GCC_NO_COMMON_BLOCKS = YES;
				GCC_WARN_64_TO_32_BIT_CONVERSION = YES;
				GCC_WARN_ABOUT_RETURN_TYPE = YES_ERROR;
				GCC_WARN_UNDECLARED_SELECTOR = YES;
				GCC_WARN_UNINITIALIZED_AUTOS = YES_AGGRESSIVE;
				GCC_WARN_UNUSED_FUNCTION = YES;
				GCC_WARN_UNUSED_VARIABLE = YES;
				IPHONEOS_DEPLOYMENT_TARGET = 18.2;
				LOCALIZATION_PREFERS_STRING_CATALOGS = YES;
				MTL_ENABLE_DEBUG_INFO = NO;
				MTL_FAST_MATH = YES;
				SDKROOT = iphoneos;
				SWIFT_COMPILATION_MODE = wholemodule;
				VALIDATE_PRODUCT = YES;
			};
			name = Release;
		};
		FB78831E2D9CC48600370C4D /* Debug */ = {
			isa = XCBuildConfiguration;
			buildSettings = {
				ASSETCATALOG_COMPILER_APPICON_NAME = AppIcon;
				ASSETCATALOG_COMPILER_GLOBAL_ACCENT_COLOR_NAME = AccentColor;
				CODE_SIGN_STYLE = Automatic;
				CURRENT_PROJECT_VERSION = 1;
				DEVELOPMENT_ASSET_PATHS = "\"BigBangTheory/Preview Content\"";
				DEVELOPMENT_TEAM = 7GRZBU3W5C;
				ENABLE_PREVIEWS = YES;
				GENERATE_INFOPLIST_FILE = YES;
				INFOPLIST_FILE = BigBangTheory/Info.plist;
				INFOPLIST_KEY_UIApplicationSceneManifest_Generation = YES;
				INFOPLIST_KEY_UIApplicationSupportsIndirectInputEvents = YES;
				INFOPLIST_KEY_UILaunchScreen_Generation = YES;
				INFOPLIST_KEY_UISupportedInterfaceOrientations_iPad = "UIInterfaceOrientationPortrait UIInterfaceOrientationPortraitUpsideDown UIInterfaceOrientationLandscapeLeft UIInterfaceOrientationLandscapeRight";
				INFOPLIST_KEY_UISupportedInterfaceOrientations_iPhone = "UIInterfaceOrientationPortrait UIInterfaceOrientationLandscapeLeft UIInterfaceOrientationLandscapeRight";
				LD_RUNPATH_SEARCH_PATHS = (
					"$(inherited)",
					"@executable_path/Frameworks",
				);
				MARKETING_VERSION = 1.0;
				PRODUCT_BUNDLE_IDENTIFIER = com.cxcarvaj.BigBangTheory;
				PRODUCT_NAME = "$(TARGET_NAME)";
				SWIFT_EMIT_LOC_STRINGS = YES;
				SWIFT_VERSION = 6.0;
				TARGETED_DEVICE_FAMILY = "1,2";
			};
			name = Debug;
		};
		FB78831F2D9CC48600370C4D /* Release */ = {
			isa = XCBuildConfiguration;
			buildSettings = {
				ASSETCATALOG_COMPILER_APPICON_NAME = AppIcon;
				ASSETCATALOG_COMPILER_GLOBAL_ACCENT_COLOR_NAME = AccentColor;
				CODE_SIGN_STYLE = Automatic;
				CURRENT_PROJECT_VERSION = 1;
				DEVELOPMENT_ASSET_PATHS = "\"BigBangTheory/Preview Content\"";
				DEVELOPMENT_TEAM = 7GRZBU3W5C;
				ENABLE_PREVIEWS = YES;
				GENERATE_INFOPLIST_FILE = YES;
				INFOPLIST_FILE = BigBangTheory/Info.plist;
				INFOPLIST_KEY_UIApplicationSceneManifest_Generation = YES;
				INFOPLIST_KEY_UIApplicationSupportsIndirectInputEvents = YES;
				INFOPLIST_KEY_UILaunchScreen_Generation = YES;
				INFOPLIST_KEY_UISupportedInterfaceOrientations_iPad = "UIInterfaceOrientationPortrait UIInterfaceOrientationPortraitUpsideDown UIInterfaceOrientationLandscapeLeft UIInterfaceOrientationLandscapeRight";
				INFOPLIST_KEY_UISupportedInterfaceOrientations_iPhone = "UIInterfaceOrientationPortrait UIInterfaceOrientationLandscapeLeft UIInterfaceOrientationLandscapeRight";
				LD_RUNPATH_SEARCH_PATHS = (
					"$(inherited)",
					"@executable_path/Frameworks",
				);
				MARKETING_VERSION = 1.0;
				PRODUCT_BUNDLE_IDENTIFIER = com.cxcarvaj.BigBangTheory;
				PRODUCT_NAME = "$(TARGET_NAME)";
				SWIFT_EMIT_LOC_STRINGS = YES;
				SWIFT_VERSION = 6.0;
				TARGETED_DEVICE_FAMILY = "1,2";
			};
			name = Release;
		};
/* End XCBuildConfiguration section */

/* Begin XCConfigurationList section */
		FB78830A2D9CC48300370C4D /* Build configuration list for PBXProject "BigBangTheory" */ = {
			isa = XCConfigurationList;
			buildConfigurations = (
				FB78831B2D9CC48600370C4D /* Debug */,
				FB78831C2D9CC48600370C4D /* Release */,
			);
			defaultConfigurationIsVisible = 0;
			defaultConfigurationName = Release;
		};
		FB78831D2D9CC48600370C4D /* Build configuration list for PBXNativeTarget "BigBangTheory" */ = {
			isa = XCConfigurationList;
			buildConfigurations = (
				FB78831E2D9CC48600370C4D /* Debug */,
				FB78831F2D9CC48600370C4D /* Release */,
			);
			defaultConfigurationIsVisible = 0;
			defaultConfigurationName = Release;
		};
/* End XCConfigurationList section */

/* Begin XCRemoteSwiftPackageReference section */
		FB78832A2D9CC57200370C4D /* XCRemoteSwiftPackageReference "ComponentKit" */ = {
			isa = XCRemoteSwiftPackageReference;
			repositoryURL = "git@github.com:cxcarvaj/ComponentKit.git";
			requirement = {
				kind = upToNextMajorVersion;
				minimumVersion = 0.0.2;
			};
		};
/* End XCRemoteSwiftPackageReference section */

/* Begin XCSwiftPackageProductDependency section */
		FB78832B2D9CC57200370C4D /* ComponentKit */ = {
			isa = XCSwiftPackageProductDependency;
			package = FB78832A2D9CC57200370C4D /* XCRemoteSwiftPackageReference "ComponentKit" */;
			productName = ComponentKit;
		};
/* End XCSwiftPackageProductDependency section */
	};
	rootObject = FB7883072D9CC48300370C4D /* Project object */;
}
